
Microsoft Visual Studio Solution File, Format Version 12.00
# Visual Studio Version 17
VisualStudioVersion = 17.12.35527.113 d17.12
MinimumVisualStudioVersion = 10.0.40219.1
Project("{FAE04EC0-301F-11D3-BF4B-00C04F79EFBC}") = "Degiskenler_String", "Degiskenler_String\Degiskenler_String.csproj", "{ACBFFE86-4212-45CD-B6EE-C6D4E474158B}"
EndProject
Global
	GlobalSection(SolutionConfigurationPlatforms) = preSolution
		Debug|Any CPU = Debug|Any CPU
		Release|Any CPU = Release|Any CPU
	EndGlobalSection
	GlobalSection(ProjectConfigurationPlatforms) = postSolution
		{ACBFFE86-4212-45CD-B6EE-C6D4E474158B}.Debug|Any CPU.ActiveCfg = Debug|Any CPU
		{ACBFFE86-4212-45CD-B6EE-C6D4E474158B}.Debug|Any CPU.Build.0 = Debug|Any CPU
		{ACBFFE86-4212-45CD-B6EE-C6D4E474158B}.Release|Any CPU.ActiveCfg = Release|Any CPU
		{ACBFFE86-4212-45CD-B6EE-C6D4E474158B}.Release|Any CPU.Build.0 = Release|Any CPU
	EndGlobalSection
	GlobalSection(SolutionProperties) = preSolution
		HideSolutionNode = FALSE
	EndGlobalSection
EndGlobal
