
Microsoft Visual Studio Solution File, Format Version 12.00
# Visual Studio Version 17
VisualStudioVersion = 17.12.35527.113 d17.12
MinimumVisualStudioVersion = 10.0.40219.1
Project("{FAE04EC0-301F-11D3-BF4B-00C04F79EFBC}") = "Proje_Hastane", "Proje_Hastane\Proje_Hastane.csproj", "{5774D1A9-68B7-4383-8CC0-C72E2142D312}"
EndProject
Global
	GlobalSection(SolutionConfigurationPlatforms) = preSolution
		Debug|Any CPU = Debug|Any CPU
		Release|Any CPU = Release|Any CPU
	EndGlobalSection
	GlobalSection(ProjectConfigurationPlatforms) = postSolution
		{5774D1A9-68B7-4383-8CC0-C72E2142D312}.Debug|Any CPU.ActiveCfg = Debug|Any CPU
		{5774D1A9-68B7-4383-8CC0-C72E2142D312}.Debug|Any CPU.Build.0 = Debug|Any CPU
		{5774D1A9-68B7-4383-8CC0-C72E2142D312}.Release|Any CPU.ActiveCfg = Release|Any CPU
		{5774D1A9-68B7-4383-8CC0-C72E2142D312}.Release|Any CPU.Build.0 = Release|Any CPU
	EndGlobalSection
	GlobalSection(SolutionProperties) = preSolution
		HideSolutionNode = FALSE
	EndGlobalSection
EndGlobal
